
Microsoft Visual Studio Solution File, Format Version 12.00
# Visual Studio 15
VisualStudioVersion = 15.0.26124.0
MinimumVisualStudioVersion = 15.0.26124.0
Project("{2150E333-8FDC-42A3-9474-1A3956D46DE8}") = "src", "src", "{2D55AEDE-28CF-4476-81DB-2D15A309598C}"
EndProject
Project("{2150E333-8FDC-42A3-9474-1A3956D46DE8}") = "Libraries", "Libraries", "{D4D086C0-1C15-4B78-BFD3-18867286EE7C}"
EndProject
Project("{FAE04EC0-301F-11D3-BF4B-00C04F79EFBC}") = "ArtContainer.Core", "src\Libraries\ArtContainer.Core\ArtContainer.Core.csproj", "{4D6300D2-3F7E-4ECE-A711-12CF417C60BC}"
EndProject
Project("{2150E333-8FDC-42A3-9474-1A3956D46DE8}") = "Presentation", "Presentation", "{86D8B52C-A8E5-47D3-B6C3-1BA37A094898}"
EndProject
Project("{FAE04EC0-301F-11D3-BF4B-00C04F79EFBC}") = "ArtContainer.Data", "src\Libraries\ArtContainer.Data\ArtContainer.Data.csproj", "{47F4A47E-F311-4CDB-B0B8-E3C40523B5A9}"
EndProject
Project("{FAE04EC0-301F-11D3-BF4B-00C04F79EFBC}") = "ArtContainer.Services", "src\Libraries\ArtContainer.Services\ArtContainer.Services.csproj", "{DFA43716-D28A-44D3-800A-87A8EEA25DD2}"
EndProject
Project("{FAE04EC0-301F-11D3-BF4B-00C04F79EFBC}") = "ArtContainer.Framework", "src\Libraries\ArtContainer.Framework\ArtContainer.Framework.csproj", "{D5D46D3F-C13C-4317-8439-4519444ACB9C}"
EndProject
Project("{FAE04EC0-301F-11D3-BF4B-00C04F79EFBC}") = "ArtContainer.Article", "src\Presentation\ArtContainer.Article\ArtContainer.Article.csproj", "{B0B7BE98-55BC-47A6-94E0-1E1B08731C04}"
EndProject
Project("{FAE04EC0-301F-11D3-BF4B-00C04F79EFBC}") = "ArtContainer.IdentityServer", "src\Libraries\ArtContainer.IdentityServer\ArtContainer.IdentityServer.csproj", "{EB88BC51-EC6F-4107-9A8E-0A01ABB1F6C6}"
EndProject
Project("{FAE04EC0-301F-11D3-BF4B-00C04F79EFBC}") = "ArtContainer.ClientTest", "src\Presentation\ArtContainer.ClientTest\ArtContainer.ClientTest.csproj", "{8FBB440A-F1E2-47D0-9BD3-D933AF87DF36}"
EndProject
Project("{FAE04EC0-301F-11D3-BF4B-00C04F79EFBC}") = "ArtContainer.MVCClient", "src\Presentation\ArtContainer.MVCClient\ArtContainer.MVCClient.csproj", "{F5C6B31B-4B7B-47F3-9663-D3BAC03FF5C0}"
EndProject
Global
	GlobalSection(SolutionConfigurationPlatforms) = preSolution
		Debug|Any CPU = Debug|Any CPU
		Debug|x64 = Debug|x64
		Debug|x86 = Debug|x86
		Release|Any CPU = Release|Any CPU
		Release|x64 = Release|x64
		Release|x86 = Release|x86
	EndGlobalSection
	GlobalSection(SolutionProperties) = preSolution
		HideSolutionNode = FALSE
	EndGlobalSection
	GlobalSection(ProjectConfigurationPlatforms) = postSolution
		{4D6300D2-3F7E-4ECE-A711-12CF417C60BC}.Debug|Any CPU.ActiveCfg = Debug|Any CPU
		{4D6300D2-3F7E-4ECE-A711-12CF417C60BC}.Debug|Any CPU.Build.0 = Debug|Any CPU
		{4D6300D2-3F7E-4ECE-A711-12CF417C60BC}.Debug|x64.ActiveCfg = Debug|Any CPU
		{4D6300D2-3F7E-4ECE-A711-12CF417C60BC}.Debug|x64.Build.0 = Debug|Any CPU
		{4D6300D2-3F7E-4ECE-A711-12CF417C60BC}.Debug|x86.ActiveCfg = Debug|Any CPU
		{4D6300D2-3F7E-4ECE-A711-12CF417C60BC}.Debug|x86.Build.0 = Debug|Any CPU
		{4D6300D2-3F7E-4ECE-A711-12CF417C60BC}.Release|Any CPU.ActiveCfg = Release|Any CPU
		{4D6300D2-3F7E-4ECE-A711-12CF417C60BC}.Release|Any CPU.Build.0 = Release|Any CPU
		{4D6300D2-3F7E-4ECE-A711-12CF417C60BC}.Release|x64.ActiveCfg = Release|Any CPU
		{4D6300D2-3F7E-4ECE-A711-12CF417C60BC}.Release|x64.Build.0 = Release|Any CPU
		{4D6300D2-3F7E-4ECE-A711-12CF417C60BC}.Release|x86.ActiveCfg = Release|Any CPU
		{4D6300D2-3F7E-4ECE-A711-12CF417C60BC}.Release|x86.Build.0 = Release|Any CPU
		{47F4A47E-F311-4CDB-B0B8-E3C40523B5A9}.Debug|Any CPU.ActiveCfg = Debug|Any CPU
		{47F4A47E-F311-4CDB-B0B8-E3C40523B5A9}.Debug|Any CPU.Build.0 = Debug|Any CPU
		{47F4A47E-F311-4CDB-B0B8-E3C40523B5A9}.Debug|x64.ActiveCfg = Debug|Any CPU
		{47F4A47E-F311-4CDB-B0B8-E3C40523B5A9}.Debug|x64.Build.0 = Debug|Any CPU
		{47F4A47E-F311-4CDB-B0B8-E3C40523B5A9}.Debug|x86.ActiveCfg = Debug|Any CPU
		{47F4A47E-F311-4CDB-B0B8-E3C40523B5A9}.Debug|x86.Build.0 = Debug|Any CPU
		{47F4A47E-F311-4CDB-B0B8-E3C40523B5A9}.Release|Any CPU.ActiveCfg = Release|Any CPU
		{47F4A47E-F311-4CDB-B0B8-E3C40523B5A9}.Release|Any CPU.Build.0 = Release|Any CPU
		{47F4A47E-F311-4CDB-B0B8-E3C40523B5A9}.Release|x64.ActiveCfg = Release|Any CPU
		{47F4A47E-F311-4CDB-B0B8-E3C40523B5A9}.Release|x64.Build.0 = Release|Any CPU
		{47F4A47E-F311-4CDB-B0B8-E3C40523B5A9}.Release|x86.ActiveCfg = Release|Any CPU
		{47F4A47E-F311-4CDB-B0B8-E3C40523B5A9}.Release|x86.Build.0 = Release|Any CPU
		{DFA43716-D28A-44D3-800A-87A8EEA25DD2}.Debug|Any CPU.ActiveCfg = Debug|Any CPU
		{DFA43716-D28A-44D3-800A-87A8EEA25DD2}.Debug|Any CPU.Build.0 = Debug|Any CPU
		{DFA43716-D28A-44D3-800A-87A8EEA25DD2}.Debug|x64.ActiveCfg = Debug|Any CPU
		{DFA43716-D28A-44D3-800A-87A8EEA25DD2}.Debug|x64.Build.0 = Debug|Any CPU
		{DFA43716-D28A-44D3-800A-87A8EEA25DD2}.Debug|x86.ActiveCfg = Debug|Any CPU
		{DFA43716-D28A-44D3-800A-87A8EEA25DD2}.Debug|x86.Build.0 = Debug|Any CPU
		{DFA43716-D28A-44D3-800A-87A8EEA25DD2}.Release|Any CPU.ActiveCfg = Release|Any CPU
		{DFA43716-D28A-44D3-800A-87A8EEA25DD2}.Release|Any CPU.Build.0 = Release|Any CPU
		{DFA43716-D28A-44D3-800A-87A8EEA25DD2}.Release|x64.ActiveCfg = Release|Any CPU
		{DFA43716-D28A-44D3-800A-87A8EEA25DD2}.Release|x64.Build.0 = Release|Any CPU
		{DFA43716-D28A-44D3-800A-87A8EEA25DD2}.Release|x86.ActiveCfg = Release|Any CPU
		{DFA43716-D28A-44D3-800A-87A8EEA25DD2}.Release|x86.Build.0 = Release|Any CPU
		{D5D46D3F-C13C-4317-8439-4519444ACB9C}.Debug|Any CPU.ActiveCfg = Debug|Any CPU
		{D5D46D3F-C13C-4317-8439-4519444ACB9C}.Debug|Any CPU.Build.0 = Debug|Any CPU
		{D5D46D3F-C13C-4317-8439-4519444ACB9C}.Debug|x64.ActiveCfg = Debug|Any CPU
		{D5D46D3F-C13C-4317-8439-4519444ACB9C}.Debug|x64.Build.0 = Debug|Any CPU
		{D5D46D3F-C13C-4317-8439-4519444ACB9C}.Debug|x86.ActiveCfg = Debug|Any CPU
		{D5D46D3F-C13C-4317-8439-4519444ACB9C}.Debug|x86.Build.0 = Debug|Any CPU
		{D5D46D3F-C13C-4317-8439-4519444ACB9C}.Release|Any CPU.ActiveCfg = Release|Any CPU
		{D5D46D3F-C13C-4317-8439-4519444ACB9C}.Release|Any CPU.Build.0 = Release|Any CPU
		{D5D46D3F-C13C-4317-8439-4519444ACB9C}.Release|x64.ActiveCfg = Release|Any CPU
		{D5D46D3F-C13C-4317-8439-4519444ACB9C}.Release|x64.Build.0 = Release|Any CPU
		{D5D46D3F-C13C-4317-8439-4519444ACB9C}.Release|x86.ActiveCfg = Release|Any CPU
		{D5D46D3F-C13C-4317-8439-4519444ACB9C}.Release|x86.Build.0 = Release|Any CPU
		{B0B7BE98-55BC-47A6-94E0-1E1B08731C04}.Debug|Any CPU.ActiveCfg = Debug|Any CPU
		{B0B7BE98-55BC-47A6-94E0-1E1B08731C04}.Debug|Any CPU.Build.0 = Debug|Any CPU
		{B0B7BE98-55BC-47A6-94E0-1E1B08731C04}.Debug|x64.ActiveCfg = Debug|Any CPU
		{B0B7BE98-55BC-47A6-94E0-1E1B08731C04}.Debug|x64.Build.0 = Debug|Any CPU
		{B0B7BE98-55BC-47A6-94E0-1E1B08731C04}.Debug|x86.ActiveCfg = Debug|Any CPU
		{B0B7BE98-55BC-47A6-94E0-1E1B08731C04}.Debug|x86.Build.0 = Debug|Any CPU
		{B0B7BE98-55BC-47A6-94E0-1E1B08731C04}.Release|Any CPU.ActiveCfg = Release|Any CPU
		{B0B7BE98-55BC-47A6-94E0-1E1B08731C04}.Release|Any CPU.Build.0 = Release|Any CPU
		{B0B7BE98-55BC-47A6-94E0-1E1B08731C04}.Release|x64.ActiveCfg = Release|Any CPU
		{B0B7BE98-55BC-47A6-94E0-1E1B08731C04}.Release|x64.Build.0 = Release|Any CPU
		{B0B7BE98-55BC-47A6-94E0-1E1B08731C04}.Release|x86.ActiveCfg = Release|Any CPU
		{B0B7BE98-55BC-47A6-94E0-1E1B08731C04}.Release|x86.Build.0 = Release|Any CPU
		{EB88BC51-EC6F-4107-9A8E-0A01ABB1F6C6}.Debug|Any CPU.ActiveCfg = Debug|Any CPU
		{EB88BC51-EC6F-4107-9A8E-0A01ABB1F6C6}.Debug|Any CPU.Build.0 = Debug|Any CPU
		{EB88BC51-EC6F-4107-9A8E-0A01ABB1F6C6}.Debug|x64.ActiveCfg = Debug|Any CPU
		{EB88BC51-EC6F-4107-9A8E-0A01ABB1F6C6}.Debug|x64.Build.0 = Debug|Any CPU
		{EB88BC51-EC6F-4107-9A8E-0A01ABB1F6C6}.Debug|x86.ActiveCfg = Debug|Any CPU
		{EB88BC51-EC6F-4107-9A8E-0A01ABB1F6C6}.Debug|x86.Build.0 = Debug|Any CPU
		{EB88BC51-EC6F-4107-9A8E-0A01ABB1F6C6}.Release|Any CPU.ActiveCfg = Release|Any CPU
		{EB88BC51-EC6F-4107-9A8E-0A01ABB1F6C6}.Release|Any CPU.Build.0 = Release|Any CPU
		{EB88BC51-EC6F-4107-9A8E-0A01ABB1F6C6}.Release|x64.ActiveCfg = Release|Any CPU
		{EB88BC51-EC6F-4107-9A8E-0A01ABB1F6C6}.Release|x64.Build.0 = Release|Any CPU
		{EB88BC51-EC6F-4107-9A8E-0A01ABB1F6C6}.Release|x86.ActiveCfg = Release|Any CPU
		{EB88BC51-EC6F-4107-9A8E-0A01ABB1F6C6}.Release|x86.Build.0 = Release|Any CPU
		{8FBB440A-F1E2-47D0-9BD3-D933AF87DF36}.Debug|Any CPU.ActiveCfg = Debug|Any CPU
		{8FBB440A-F1E2-47D0-9BD3-D933AF87DF36}.Debug|Any CPU.Build.0 = Debug|Any CPU
		{8FBB440A-F1E2-47D0-9BD3-D933AF87DF36}.Debug|x64.ActiveCfg = Debug|Any CPU
		{8FBB440A-F1E2-47D0-9BD3-D933AF87DF36}.Debug|x64.Build.0 = Debug|Any CPU
		{8FBB440A-F1E2-47D0-9BD3-D933AF87DF36}.Debug|x86.ActiveCfg = Debug|Any CPU
		{8FBB440A-F1E2-47D0-9BD3-D933AF87DF36}.Debug|x86.Build.0 = Debug|Any CPU
		{8FBB440A-F1E2-47D0-9BD3-D933AF87DF36}.Release|Any CPU.ActiveCfg = Release|Any CPU
		{8FBB440A-F1E2-47D0-9BD3-D933AF87DF36}.Release|Any CPU.Build.0 = Release|Any CPU
		{8FBB440A-F1E2-47D0-9BD3-D933AF87DF36}.Release|x64.ActiveCfg = Release|Any CPU
		{8FBB440A-F1E2-47D0-9BD3-D933AF87DF36}.Release|x64.Build.0 = Release|Any CPU
		{8FBB440A-F1E2-47D0-9BD3-D933AF87DF36}.Release|x86.ActiveCfg = Release|Any CPU
		{8FBB440A-F1E2-47D0-9BD3-D933AF87DF36}.Release|x86.Build.0 = Release|Any CPU
		{F5C6B31B-4B7B-47F3-9663-D3BAC03FF5C0}.Debug|Any CPU.ActiveCfg = Debug|Any CPU
		{F5C6B31B-4B7B-47F3-9663-D3BAC03FF5C0}.Debug|Any CPU.Build.0 = Debug|Any CPU
		{F5C6B31B-4B7B-47F3-9663-D3BAC03FF5C0}.Debug|x64.ActiveCfg = Debug|Any CPU
		{F5C6B31B-4B7B-47F3-9663-D3BAC03FF5C0}.Debug|x64.Build.0 = Debug|Any CPU
		{F5C6B31B-4B7B-47F3-9663-D3BAC03FF5C0}.Debug|x86.ActiveCfg = Debug|Any CPU
		{F5C6B31B-4B7B-47F3-9663-D3BAC03FF5C0}.Debug|x86.Build.0 = Debug|Any CPU
		{F5C6B31B-4B7B-47F3-9663-D3BAC03FF5C0}.Release|Any CPU.ActiveCfg = Release|Any CPU
		{F5C6B31B-4B7B-47F3-9663-D3BAC03FF5C0}.Release|Any CPU.Build.0 = Release|Any CPU
		{F5C6B31B-4B7B-47F3-9663-D3BAC03FF5C0}.Release|x64.ActiveCfg = Release|Any CPU
		{F5C6B31B-4B7B-47F3-9663-D3BAC03FF5C0}.Release|x64.Build.0 = Release|Any CPU
		{F5C6B31B-4B7B-47F3-9663-D3BAC03FF5C0}.Release|x86.ActiveCfg = Release|Any CPU
		{F5C6B31B-4B7B-47F3-9663-D3BAC03FF5C0}.Release|x86.Build.0 = Release|Any CPU
	EndGlobalSection
	GlobalSection(NestedProjects) = preSolution
		{D4D086C0-1C15-4B78-BFD3-18867286EE7C} = {2D55AEDE-28CF-4476-81DB-2D15A309598C}
		{4D6300D2-3F7E-4ECE-A711-12CF417C60BC} = {D4D086C0-1C15-4B78-BFD3-18867286EE7C}
		{86D8B52C-A8E5-47D3-B6C3-1BA37A094898} = {2D55AEDE-28CF-4476-81DB-2D15A309598C}
		{47F4A47E-F311-4CDB-B0B8-E3C40523B5A9} = {D4D086C0-1C15-4B78-BFD3-18867286EE7C}
		{DFA43716-D28A-44D3-800A-87A8EEA25DD2} = {D4D086C0-1C15-4B78-BFD3-18867286EE7C}
		{D5D46D3F-C13C-4317-8439-4519444ACB9C} = {D4D086C0-1C15-4B78-BFD3-18867286EE7C}
		{B0B7BE98-55BC-47A6-94E0-1E1B08731C04} = {86D8B52C-A8E5-47D3-B6C3-1BA37A094898}
		{EB88BC51-EC6F-4107-9A8E-0A01ABB1F6C6} = {D4D086C0-1C15-4B78-BFD3-18867286EE7C}
		{8FBB440A-F1E2-47D0-9BD3-D933AF87DF36} = {86D8B52C-A8E5-47D3-B6C3-1BA37A094898}
		{F5C6B31B-4B7B-47F3-9663-D3BAC03FF5C0} = {86D8B52C-A8E5-47D3-B6C3-1BA37A094898}
	EndGlobalSection
EndGlobal
